--- 
dependencies: 
  fastercsv: 
    group: 
    - :default
    version: = 1.5.0
  rails: 
    group: 
    - :default
    version: = 2.3.5
    require: []

  mongrel: 
    group: 
    - :development
    version: ">= 0"
  authlogic: 
    group: 
    - :default
    version: = 2.1.2
  mysql: 
    group: 
    - :default
    version: = 2.7
  searchlogic: 
    group: 
    - :default
    version: = 2.3.9
  rack: 
    group: 
    - :default
    version: = 1.0.1
  geokit: 
    group: 
    - :default
    version: = 1.5.0
  will_paginate: 
    group: 
    - :default
    version: = 2.3.11
  paperclip: 
    group: 
    - :default
    version: = 2.3.1.1
  exifr: 
    group: 
    - :default
    version: = 0.10.9
  bcrypt-ruby: 
    group: 
    - :default
    version: = 2.1.2
    require: 
    - bcrypt
  rails-footnotes: 
    group: 
    - :development
    version: ">= 0"
  thunder_punch: 
    group: 
    - :default
    version: = 0.0.6
    require: []

specs: 
- rake: 
    version: 0.8.7
- activesupport: 
    version: 2.3.5
- rack: 
    version: 1.0.1
- actionpack: 
    version: 2.3.5
- actionmailer: 
    version: 2.3.5
- activerecord: 
    version: 2.3.5
- activeresource: 
    version: 2.3.5
- authlogic: 
    version: 2.1.2
- bcrypt-ruby: 
    version: 2.1.2
- highline: 
    version: 1.6.1
- net-ssh: 
    version: 2.0.23
- net-scp: 
    version: 1.0.3
- net-sftp: 
    version: 2.0.5
- net-ssh-gateway: 
    version: 1.0.1
- capistrano: 
    version: 2.5.19
- cgi_multipart_eof_fix: 
    version: 2.5.0
- daemons: 
    version: 1.1.0
- exifr: 
    version: 0.10.9
- fastercsv: 
    version: 1.5.0
- fastthread: 
    version: 1.0.7
- gem_plugin: 
    version: 0.2.3
- geokit: 
    version: 1.5.0
- mongrel: 
    version: 1.1.5
- mysql: 
    version: "2.7"
- paperclip: 
    version: 2.3.1.1
- rails: 
    version: 2.3.5
- rails-footnotes: 
    version: 3.6.7
- searchlogic: 
    version: 2.3.9
- thunder_punch: 
    version: 0.0.6
- will_paginate: 
    version: 2.3.11
hash: 4a6326975a0a114cdd6245a01e319b9525b624b1
sources: 
- Rubygems: 
    uri: http://gemcutter.org
